
Microsoft Visual Studio Solution File, Format Version 12.00
# Visual Studio Version 16
VisualStudioVersion = 16.0.29709.97
MinimumVisualStudioVersion = 10.0.40219.1
Project("{888888A0-9F3D-457C-B088-3A5042F75D52}") = "PythonNote", "PythonNote\PythonNote.pyproj", "{D304AC0B-99CE-4E43-A48E-6E96D9F76511}"
EndProject
Global
	GlobalSection(SolutionConfigurationPlatforms) = preSolution
		Debug|Any CPU = Debug|Any CPU
		Release|Any CPU = Release|Any CPU
	EndGlobalSection
	GlobalSection(ProjectConfigurationPlatforms) = postSolution
		{D304AC0B-99CE-4E43-A48E-6E96D9F76511}.Debug|Any CPU.ActiveCfg = Debug|Any CPU
		{D304AC0B-99CE-4E43-A48E-6E96D9F76511}.Release|Any CPU.ActiveCfg = Release|Any CPU
	EndGlobalSection
	GlobalSection(SolutionProperties) = preSolution
		HideSolutionNode = FALSE
	EndGlobalSection
	GlobalSection(ExtensibilityGlobals) = postSolution
		SolutionGuid = {AD48EEDA-9397-4DF5-B973-C7A92FCDC73E}
	EndGlobalSection
EndGlobal
